
Microsoft Visual Studio Solution File, Format Version 12.00
# Visual Studio Version 17
VisualStudioVersion = 17.10.35013.160
MinimumVisualStudioVersion = 10.0.40219.1
Project("{FAE04EC0-301F-11D3-BF4B-00C04F79EFBC}") = "ReactTask1API", "ReactTask1API\ReactTask1API.csproj", "{BDEC62CA-5DE3-48EE-ACFF-F80EFE88A4B8}"
EndProject
Global
	GlobalSection(SolutionConfigurationPlatforms) = preSolution
		Debug|Any CPU = Debug|Any CPU
		Release|Any CPU = Release|Any CPU
	EndGlobalSection
	GlobalSection(ProjectConfigurationPlatforms) = postSolution
		{BDEC62CA-5DE3-48EE-ACFF-F80EFE88A4B8}.Debug|Any CPU.ActiveCfg = Debug|Any CPU
		{BDEC62CA-5DE3-48EE-ACFF-F80EFE88A4B8}.Debug|Any CPU.Build.0 = Debug|Any CPU
		{BDEC62CA-5DE3-48EE-ACFF-F80EFE88A4B8}.Release|Any CPU.ActiveCfg = Release|Any CPU
		{BDEC62CA-5DE3-48EE-ACFF-F80EFE88A4B8}.Release|Any CPU.Build.0 = Release|Any CPU
	EndGlobalSection
	GlobalSection(SolutionProperties) = preSolution
		HideSolutionNode = FALSE
	EndGlobalSection
	GlobalSection(ExtensibilityGlobals) = postSolution
		SolutionGuid = {3293D7F4-BA9E-4CB5-A8C3-C4F6330577B8}
	EndGlobalSection
EndGlobal
